Microsoft Visual Studio Solution File, Format Version 12.00
# Visual Studio 15
VisualStudioVersion = 15.0.28307.1082
MinimumVisualStudioVersion = 10.0.40219.1
Project("{8BC9CEB8-8B4A-11D0-8D11-00A0C91BC942}") = "TransformMatrix", "TransformMatrix.vcxproj", "{190589EF-AD32-4874-8C8B-E09DA782DB0F}"
EndProject
Global
	GlobalSection(SolutionConfigurationPlatforms) = preSolution
		DebugCustom|x64 = DebugCustom|x64
		Release|x64 = Release|x64
	EndGlobalSection
	GlobalSection(ProjectConfigurationPlatforms) = postSolution
		{190589EF-AD32-4874-8C8B-E09DA782DB0F}.DebugCustom|x64.ActiveCfg = DebugCustom|x64
		{190589EF-AD32-4874-8C8B-E09DA782DB0F}.DebugCustom|x64.Build.0 = DebugCustom|x64
		{190589EF-AD32-4874-8C8B-E09DA782DB0F}.Release|x64.ActiveCfg = Release|x64
		{190589EF-AD32-4874-8C8B-E09DA782DB0F}.Release|x64.Build.0 = Release|x64
	EndGlobalSection
	GlobalSection(SolutionProperties) = preSolution
		HideSolutionNode = FALSE
	EndGlobalSection
	GlobalSection(ExtensibilityGlobals) = postSolution
		SolutionGuid = {42D06965-F0F7-49A0-9711-756DE9F69AA1}
	EndGlobalSection
EndGlobal
